
Microsoft Visual Studio Solution File, Format Version 12.00
# Visual Studio Version 17
VisualStudioVersion = 17.11.35222.181
MinimumVisualStudioVersion = 10.0.40219.1
Project("{FAE04EC0-301F-11D3-BF4B-00C04F79EFBC}") = "Client", "Client\Client.csproj", "{9C5DBA7C-FC58-4E06-B95E-795A26C10E29}"
EndProject
Project("{FAE04EC0-301F-11D3-BF4B-00C04F79EFBC}") = "Server", "Server\Server.csproj", "{BB75BF7A-77BF-49CD-BDCD-BAC9BE8FF325}"
EndProject
Project("{FAE04EC0-301F-11D3-BF4B-00C04F79EFBC}") = "Utilities", "Utilities\Utilities.csproj", "{3845209C-69BE-45F7-AB51-959CCC83F6A3}"
EndProject
Global
	GlobalSection(SolutionConfigurationPlatforms) = preSolution
		Debug|Any CPU = Debug|Any CPU
		Release|Any CPU = Release|Any CPU
	EndGlobalSection
	GlobalSection(ProjectConfigurationPlatforms) = postSolution
		{9C5DBA7C-FC58-4E06-B95E-795A26C10E29}.Debug|Any CPU.ActiveCfg = Debug|Any CPU
		{9C5DBA7C-FC58-4E06-B95E-795A26C10E29}.Debug|Any CPU.Build.0 = Debug|Any CPU
		{9C5DBA7C-FC58-4E06-B95E-795A26C10E29}.Release|Any CPU.ActiveCfg = Release|Any CPU
		{9C5DBA7C-FC58-4E06-B95E-795A26C10E29}.Release|Any CPU.Build.0 = Release|Any CPU
		{BB75BF7A-77BF-49CD-BDCD-BAC9BE8FF325}.Debug|Any CPU.ActiveCfg = Debug|Any CPU
		{BB75BF7A-77BF-49CD-BDCD-BAC9BE8FF325}.Debug|Any CPU.Build.0 = Debug|Any CPU
		{BB75BF7A-77BF-49CD-BDCD-BAC9BE8FF325}.Release|Any CPU.ActiveCfg = Release|Any CPU
		{BB75BF7A-77BF-49CD-BDCD-BAC9BE8FF325}.Release|Any CPU.Build.0 = Release|Any CPU
		{3845209C-69BE-45F7-AB51-959CCC83F6A3}.Debug|Any CPU.ActiveCfg = Debug|Any CPU
		{3845209C-69BE-45F7-AB51-959CCC83F6A3}.Debug|Any CPU.Build.0 = Debug|Any CPU
		{3845209C-69BE-45F7-AB51-959CCC83F6A3}.Release|Any CPU.ActiveCfg = Release|Any CPU
		{3845209C-69BE-45F7-AB51-959CCC83F6A3}.Release|Any CPU.Build.0 = Release|Any CPU
	EndGlobalSection
	GlobalSection(SolutionProperties) = preSolution
		HideSolutionNode = FALSE
	EndGlobalSection
	GlobalSection(ExtensibilityGlobals) = postSolution
		SolutionGuid = {5D095537-4291-41EE-871D-6D74ED2563E4}
	EndGlobalSection
EndGlobal
