
Microsoft Visual Studio Solution File, Format Version 12.00
# Visual Studio Version 17
VisualStudioVersion = 17.11.35222.181
MinimumVisualStudioVersion = 10.0.40219.1
Project("{9A19103F-16F7-4668-BE54-9A1E7A4F7556}") = "Client", "Client\Client.csproj", "{9C5DBA7C-FC58-4E06-B95E-795A26C10E29}"
EndProject
Project("{9A19103F-16F7-4668-BE54-9A1E7A4F7556}") = "Server", "Server\Server.csproj", "{BB75BF7A-77BF-49CD-BDCD-BAC9BE8FF325}"
EndProject
Project("{9A19103F-16F7-4668-BE54-9A1E7A4F7556}") = "Utilities", "Utilities\Utilities.csproj", "{3845209C-69BE-45F7-AB51-959CCC83F6A3}"
EndProject
Project("{2150E333-8FDC-42A3-9474-1A3956D46DE8}") = "Solution Items", "Solution Items", "{AA1812CC-028A-4A59-BADA-9CE6A55B5F99}"
	ProjectSection(SolutionItems) = preProject
		README.md = README.md
	EndProjectSection
EndProject
Global
	GlobalSection(SolutionConfigurationPlatforms) = preSolution
		Debug|Any CPU = Debug|Any CPU
		Release|Any CPU = Release|Any CPU
	EndGlobalSection
	GlobalSection(ProjectConfigurationPlatforms) = postSolution
		{9C5DBA7C-FC58-4E06-B95E-795A26C10E29}.Debug|Any CPU.ActiveCfg = Debug|Any CPU
		{9C5DBA7C-FC58-4E06-B95E-795A26C10E29}.Debug|Any CPU.Build.0 = Debug|Any CPU
		{9C5DBA7C-FC58-4E06-B95E-795A26C10E29}.Release|Any CPU.ActiveCfg = Release|Any CPU
		{9C5DBA7C-FC58-4E06-B95E-795A26C10E29}.Release|Any CPU.Build.0 = Release|Any CPU
		{BB75BF7A-77BF-49CD-BDCD-BAC9BE8FF325}.Debug|Any CPU.ActiveCfg = Debug|Any CPU
		{BB75BF7A-77BF-49CD-BDCD-BAC9BE8FF325}.Debug|Any CPU.Build.0 = Debug|Any CPU
		{BB75BF7A-77BF-49CD-BDCD-BAC9BE8FF325}.Release|Any CPU.ActiveCfg = Release|Any CPU
		{BB75BF7A-77BF-49CD-BDCD-BAC9BE8FF325}.Release|Any CPU.Build.0 = Release|Any CPU
		{3845209C-69BE-45F7-AB51-959CCC83F6A3}.Debug|Any CPU.ActiveCfg = Debug|Any CPU
		{3845209C-69BE-45F7-AB51-959CCC83F6A3}.Debug|Any CPU.Build.0 = Debug|Any CPU
		{3845209C-69BE-45F7-AB51-959CCC83F6A3}.Release|Any CPU.ActiveCfg = Release|Any CPU
		{3845209C-69BE-45F7-AB51-959CCC83F6A3}.Release|Any CPU.Build.0 = Release|Any CPU
	EndGlobalSection
	GlobalSection(SolutionProperties) = preSolution
		HideSolutionNode = FALSE
	EndGlobalSection
	GlobalSection(ExtensibilityGlobals) = postSolution
		SolutionGuid = {5D095537-4291-41EE-871D-6D74ED2563E4}
	EndGlobalSection
EndGlobal
